// !$*UTF8*$!
{
	archiveVersion = 1;
	classes = {
	};
	objectVersion = 56;
	objects = {

/* Begin PBXBuildFile section */
		451D1A2AA3611B7F350BAE35 /* Pods_FirstProject.framework in Frameworks */ = {isa = PBXBuildFile; fileRef = 9DFD265FDBAACE9E2921E966 /* Pods_FirstProject.framework */; };
		68FAABC72A0D519F0064783C /* AppDelegate.swift in Sources */ = {isa = PBXBuildFile; fileRef = 68FAABC62A0D519F0064783C /* AppDelegate.swift */; };
		68FAABC92A0D519F0064783C /* SceneDelegate.swift in Sources */ = {isa = PBXBuildFile; fileRef = 68FAABC82A0D519F0064783C /* SceneDelegate.swift */; };
		68FAABCB2A0D519F0064783C /* SetupPage.swift in Sources */ = {isa = PBXBuildFile; fileRef = 68FAABCA2A0D519F0064783C /* SetupPage.swift */; };
		68FAABCE2A0D519F0064783C /* Main.storyboard in Resources */ = {isa = PBXBuildFile; fileRef = 68FAABCC2A0D519F0064783C /* Main.storyboard */; };
		68FAABD02A0D51A10064783C /* Assets.xcassets in Resources */ = {isa = PBXBuildFile; fileRef = 68FAABCF2A0D51A10064783C /* Assets.xcassets */; };
		68FAABD32A0D51A10064783C /* LaunchScreen.storyboard in Resources */ = {isa = PBXBuildFile; fileRef = 68FAABD12A0D51A10064783C /* LaunchScreen.storyboard */; };
		68FAABDD2A0DB8C70064783C /* ForgatPage.swift in Sources */ = {isa = PBXBuildFile; fileRef = 68FAABDC2A0DB8C70064783C /* ForgatPage.swift */; };
		68FAABDF2A0DC0940064783C /* LoginPage.swift in Sources */ = {isa = PBXBuildFile; fileRef = 68FAABDE2A0DC0940064783C /* LoginPage.swift */; };
		68FAABE12A1184B40064783C /* HomePage.swift in Sources */ = {isa = PBXBuildFile; fileRef = 68FAABE02A1184B40064783C /* HomePage.swift */; };
		68FAABE32A1188EE0064783C /* FolderPage.swift in Sources */ = {isa = PBXBuildFile; fileRef = 68FAABE22A1188EE0064783C /* FolderPage.swift */; };
		68FAABE52A1188FF0064783C /* GeneratorPage.swift in Sources */ = {isa = PBXBuildFile; fileRef = 68FAABE42A1188FF0064783C /* GeneratorPage.swift */; };
		68FAABE72A1189080064783C /* MorePage.swift in Sources */ = {isa = PBXBuildFile; fileRef = 68FAABE62A1189080064783C /* MorePage.swift */; };
		68FAABE92A118C5D0064783C /* TabbarController.swift in Sources */ = {isa = PBXBuildFile; fileRef = 68FAABE82A118C5D0064783C /* TabbarController.swift */; };
		68FAABED2A17007A0064783C /* HomeCategoryCell.swift in Sources */ = {isa = PBXBuildFile; fileRef = 68FAABEC2A17007A0064783C /* HomeCategoryCell.swift */; };
		68FAABF12A171BAB0064783C /* AddPage.swift in Sources */ = {isa = PBXBuildFile; fileRef = 68FAABF02A171BAB0064783C /* AddPage.swift */; };
		68FAABF52A22ED7A0064783C /* HomeListCell.swift in Sources */ = {isa = PBXBuildFile; fileRef = 68FAABF42A22ED7A0064783C /* HomeListCell.swift */; };
		68FAABF92A2325710064783C /* Models.swift in Sources */ = {isa = PBXBuildFile; fileRef = 68FAABF82A2325710064783C /* Models.swift */; };
		68FAABFB2A243AF30064783C /* CreateFolderPage.swift in Sources */ = {isa = PBXBuildFile; fileRef = 68FAABFA2A243AF30064783C /* CreateFolderPage.swift */; };
		68FAABFF2A2452C80064783C /* FolderListCell.swift in Sources */ = {isa = PBXBuildFile; fileRef = 68FAABFE2A2452C80064783C /* FolderListCell.swift */; };
		68FAAC012A2888680064783C /* HomeListDetail.swift in Sources */ = {isa = PBXBuildFile; fileRef = 68FAAC002A2888680064783C /* HomeListDetail.swift */; };
/* End PBXBuildFile section */

/* Begin PBXFileReference section */
		68FAABC32A0D519F0064783C /* FirstProject.app */ = {isa = PBXFileReference; explicitFileType = wrapper.application; includeInIndex = 0; path = FirstProject.app; sourceTree = BUILT_PRODUCTS_DIR; };
		68FAABC62A0D519F0064783C /* AppDelegate.swift */ = {isa = PBXFileReference; lastKnownFileType = sourcecode.swift; path = AppDelegate.swift; sourceTree = "<group>"; };
		68FAABC82A0D519F0064783C /* SceneDelegate.swift */ = {isa = PBXFileReference; lastKnownFileType = sourcecode.swift; path = SceneDelegate.swift; sourceTree = "<group>"; };
		68FAABCA2A0D519F0064783C /* SetupPage.swift */ = {isa = PBXFileReference; lastKnownFileType = sourcecode.swift; path = SetupPage.swift; sourceTree = "<group>"; };
		68FAABCD2A0D519F0064783C /* Base */ = {isa = PBXFileReference; lastKnownFileType = file.storyboard; name = Base; path = Base.lproj/Main.storyboard; sourceTree = "<group>"; };
		68FAABCF2A0D51A10064783C /* Assets.xcassets */ = {isa = PBXFileReference; lastKnownFileType = folder.assetcatalog; path = Assets.xcassets; sourceTree = "<group>"; };
		68FAABD22A0D51A10064783C /* Base */ = {isa = PBXFileReference; lastKnownFileType = file.storyboard; name = Base; path = Base.lproj/LaunchScreen.storyboard; sourceTree = "<group>"; };
		68FAABD42A0D51A10064783C /* Info.plist */ = {isa = PBXFileReference; lastKnownFileType = text.plist.xml; path = Info.plist; sourceTree = "<group>"; };
		68FAABDC2A0DB8C70064783C /* ForgatPage.swift */ = {isa = PBXFileReference; lastKnownFileType = sourcecode.swift; path = ForgatPage.swift; sourceTree = "<group>"; };
		68FAABDE2A0DC0940064783C /* LoginPage.swift */ = {isa = PBXFileReference; lastKnownFileType = sourcecode.swift; path = LoginPage.swift; sourceTree = "<group>"; };
		68FAABE02A1184B40064783C /* HomePage.swift */ = {isa = PBXFileReference; lastKnownFileType = sourcecode.swift; path = HomePage.swift; sourceTree = "<group>"; };
		68FAABE22A1188EE0064783C /* FolderPage.swift */ = {isa = PBXFileReference; lastKnownFileType = sourcecode.swift; path = FolderPage.swift; sourceTree = "<group>"; };
		68FAABE42A1188FF0064783C /* GeneratorPage.swift */ = {isa = PBXFileReference; lastKnownFileType = sourcecode.swift; path = GeneratorPage.swift; sourceTree = "<group>"; };
		68FAABE62A1189080064783C /* MorePage.swift */ = {isa = PBXFileReference; lastKnownFileType = sourcecode.swift; path = MorePage.swift; sourceTree = "<group>"; };
		68FAABE82A118C5D0064783C /* TabbarController.swift */ = {isa = PBXFileReference; lastKnownFileType = sourcecode.swift; path = TabbarController.swift; sourceTree = "<group>"; };
		68FAABEC2A17007A0064783C /* HomeCategoryCell.swift */ = {isa = PBXFileReference; lastKnownFileType = sourcecode.swift; path = HomeCategoryCell.swift; sourceTree = "<group>"; };
		68FAABF02A171BAB0064783C /* AddPage.swift */ = {isa = PBXFileReference; lastKnownFileType = sourcecode.swift; path = AddPage.swift; sourceTree = "<group>"; };
		68FAABF42A22ED7A0064783C /* HomeListCell.swift */ = {isa = PBXFileReference; lastKnownFileType = sourcecode.swift; path = HomeListCell.swift; sourceTree = "<group>"; };
		68FAABF82A2325710064783C /* Models.swift */ = {isa = PBXFileReference; lastKnownFileType = sourcecode.swift; path = Models.swift; sourceTree = "<group>"; };
		68FAABFA2A243AF30064783C /* CreateFolderPage.swift */ = {isa = PBXFileReference; lastKnownFileType = sourcecode.swift; path = CreateFolderPage.swift; sourceTree = "<group>"; };
		68FAABFE2A2452C80064783C /* FolderListCell.swift */ = {isa = PBXFileReference; lastKnownFileType = sourcecode.swift; path = FolderListCell.swift; sourceTree = "<group>"; };
		68FAAC002A2888680064783C /* HomeListDetail.swift */ = {isa = PBXFileReference; lastKnownFileType = sourcecode.swift; path = HomeListDetail.swift; sourceTree = "<group>"; };
		9DFD265FDBAACE9E2921E966 /* Pods_FirstProject.framework */ = {isa = PBXFileReference; explicitFileType = wrapper.framework; includeInIndex = 0; path = Pods_FirstProject.framework; sourceTree = BUILT_PRODUCTS_DIR; };
		C5BA131CC56AF4F7469DA8B7 /* Pods-FirstProject.debug.xcconfig */ = {isa = PBXFileReference; includeInIndex = 1; lastKnownFileType = text.xcconfig; name = "Pods-FirstProject.debug.xcconfig"; path = "Target Support Files/Pods-FirstProject/Pods-FirstProject.debug.xcconfig"; sourceTree = "<group>"; };
		F3D3E8E483A48EA928F18FFF /* Pods-FirstProject.release.xcconfig */ = {isa = PBXFileReference; includeInIndex = 1; lastKnownFileType = text.xcconfig; name = "Pods-FirstProject.release.xcconfig"; path = "Target Support Files/Pods-FirstProject/Pods-FirstProject.release.xcconfig"; sourceTree = "<group>"; };
/* End PBXFileReference section */

/* Begin PBXFrameworksBuildPhase section */
		68FAABC02A0D519F0064783C /* Frameworks */ = {
			isa = PBXFrameworksBuildPhase;
			buildActionMask = 2147483647;
			files = (
				451D1A2AA3611B7F350BAE35 /* Pods_FirstProject.framework in Frameworks */,
			);
			runOnlyForDeploymentPostprocessing = 0;
		};
/* End PBXFrameworksBuildPhase section */

/* Begin PBXGroup section */
		27B4C1D0C588802EC819E52E /* Pods */ = {
			isa = PBXGroup;
			children = (
				C5BA131CC56AF4F7469DA8B7 /* Pods-FirstProject.debug.xcconfig */,
				F3D3E8E483A48EA928F18FFF /* Pods-FirstProject.release.xcconfig */,
			);
			path = Pods;
			sourceTree = "<group>";
		};
		3DC22854BA445492420941EA /* Frameworks */ = {
			isa = PBXGroup;
			children = (
				9DFD265FDBAACE9E2921E966 /* Pods_FirstProject.framework */,
			);
			name = Frameworks;
			sourceTree = "<group>";
		};
		68FAABBA2A0D519F0064783C = {
			isa = PBXGroup;
			children = (
				68FAABC52A0D519F0064783C /* FirstProject */,
				68FAABC42A0D519F0064783C /* Products */,
				27B4C1D0C588802EC819E52E /* Pods */,
				3DC22854BA445492420941EA /* Frameworks */,
			);
			sourceTree = "<group>";
		};
		68FAABC42A0D519F0064783C /* Products */ = {
			isa = PBXGroup;
			children = (
				68FAABC32A0D519F0064783C /* FirstProject.app */,
			);
			name = Products;
			sourceTree = "<group>";
		};
		68FAABC52A0D519F0064783C /* FirstProject */ = {
			isa = PBXGroup;
			children = (
				68FAABC62A0D519F0064783C /* AppDelegate.swift */,
				68FAABC82A0D519F0064783C /* SceneDelegate.swift */,
				68FAABCA2A0D519F0064783C /* SetupPage.swift */,
				68FAABF82A2325710064783C /* Models.swift */,
				68FAABDC2A0DB8C70064783C /* ForgatPage.swift */,
				68FAABDE2A0DC0940064783C /* LoginPage.swift */,
				68FAABE82A118C5D0064783C /* TabbarController.swift */,
				68FAABE02A1184B40064783C /* HomePage.swift */,
				68FAABEC2A17007A0064783C /* HomeCategoryCell.swift */,
				68FAABF42A22ED7A0064783C /* HomeListCell.swift */,
				68FAAC002A2888680064783C /* HomeListDetail.swift */,
				68FAABF02A171BAB0064783C /* AddPage.swift */,
				68FAABE22A1188EE0064783C /* FolderPage.swift */,
				68FAABFE2A2452C80064783C /* FolderListCell.swift */,
				68FAABFA2A243AF30064783C /* CreateFolderPage.swift */,
				68FAABE42A1188FF0064783C /* GeneratorPage.swift */,
				68FAABE62A1189080064783C /* MorePage.swift */,
				68FAABCC2A0D519F0064783C /* Main.storyboard */,
				68FAABCF2A0D51A10064783C /* Assets.xcassets */,
				68FAABD12A0D51A10064783C /* LaunchScreen.storyboard */,
				68FAABD42A0D51A10064783C /* Info.plist */,
			);
			path = FirstProject;
			sourceTree = "<group>";
		};
/* End PBXGroup section */

/* Begin PBXNativeTarget section */
		68FAABC22A0D519F0064783C /* FirstProject */ = {
			isa = PBXNativeTarget;
			buildConfigurationList = 68FAABD72A0D51A10064783C /* Build configuration list for PBXNativeTarget "FirstProject" */;
			buildPhases = (
				4E542AB79E26D42748298BCB /* [CP] Check Pods Manifest.lock */,
				68FAABBF2A0D519F0064783C /* Sources */,
				68FAABC02A0D519F0064783C /* Frameworks */,
				68FAABC12A0D519F0064783C /* Resources */,
				489E20201F95A05644585910 /* [CP] Embed Pods Frameworks */,
			);
			buildRules = (
			);
			dependencies = (
			);
			name = FirstProject;
			productName = FirstProject;
			productReference = 68FAABC32A0D519F0064783C /* FirstProject.app */;
			productType = "com.apple.product-type.application";
		};
/* End PBXNativeTarget section */

/* Begin PBXProject section */
		68FAABBB2A0D519F0064783C /* Project object */ = {
			isa = PBXProject;
			attributes = {
				BuildIndependentTargetsInParallel = 1;
				LastSwiftUpdateCheck = 1430;
				LastUpgradeCheck = 1430;
				TargetAttributes = {
					68FAABC22A0D519F0064783C = {
						CreatedOnToolsVersion = 14.3;
					};
				};
			};
			buildConfigurationList = 68FAABBE2A0D519F0064783C /* Build configuration list for PBXProject "FirstProject" */;
			compatibilityVersion = "Xcode 14.0";
			developmentRegion = en;
			hasScannedForEncodings = 0;
			knownRegions = (
				en,
				Base,
			);
			mainGroup = 68FAABBA2A0D519F0064783C;
			productRefGroup = 68FAABC42A0D519F0064783C /* Products */;
			projectDirPath = "";
			projectRoot = "";
			targets = (
				68FAABC22A0D519F0064783C /* FirstProject */,
			);
		};
/* End PBXProject section */

/* Begin PBXResourcesBuildPhase section */
		68FAABC12A0D519F0064783C /* Resources */ = {
			isa = PBXResourcesBuildPhase;
			buildActionMask = 2147483647;
			files = (
				68FAABD32A0D51A10064783C /* LaunchScreen.storyboard in Resources */,
				68FAABD02A0D51A10064783C /* Assets.xcassets in Resources */,
				68FAABCE2A0D519F0064783C /* Main.storyboard in Resources */,
			);
			runOnlyForDeploymentPostprocessing = 0;
		};
/* End PBXResourcesBuildPhase section */

/* Begin PBXShellScriptBuildPhase section */
		489E20201F95A05644585910 /* [CP] Embed Pods Frameworks */ = {
			isa = PBXShellScriptBuildPhase;
			buildActionMask = 2147483647;
			files = (
			);
			inputFileListPaths = (
				"${PODS_ROOT}/Target Support Files/Pods-FirstProject/Pods-FirstProject-frameworks-${CONFIGURATION}-input-files.xcfilelist",
			);
			name = "[CP] Embed Pods Frameworks";
			outputFileListPaths = (
				"${PODS_ROOT}/Target Support Files/Pods-FirstProject/Pods-FirstProject-frameworks-${CONFIGURATION}-output-files.xcfilelist",
			);
			runOnlyForDeploymentPostprocessing = 0;
			shellPath = /bin/sh;
			shellScript = "\"${PODS_ROOT}/Target Support Files/Pods-FirstProject/Pods-FirstProject-frameworks.sh\"\n";
			showEnvVarsInLog = 0;
		};
		4E542AB79E26D42748298BCB /* [CP] Check Pods Manifest.lock */ = {
			isa = PBXShellScriptBuildPhase;
			buildActionMask = 2147483647;
			files = (
			);
			inputFileListPaths = (
			);
			inputPaths = (
				"${PODS_PODFILE_DIR_PATH}/Podfile.lock",
				"${PODS_ROOT}/Manifest.lock",
			);
			name = "[CP] Check Pods Manifest.lock";
			outputFileListPaths = (
			);
			outputPaths = (
				"$(DERIVED_FILE_DIR)/Pods-FirstProject-checkManifestLockResult.txt",
			);
			runOnlyForDeploymentPostprocessing = 0;
			shellPath = /bin/sh;
			shellScript = "diff \"${PODS_PODFILE_DIR_PATH}/Podfile.lock\" \"${PODS_ROOT}/Manifest.lock\" > /dev/null\nif [ $? != 0 ] ; then\n    # print error to STDERR\n    echo \"error: The sandbox is not in sync with the Podfile.lock. Run 'pod install' or update your CocoaPods installation.\" >&2\n    exit 1\nfi\n# This output is used by Xcode 'outputs' to avoid re-running this script phase.\necho \"SUCCESS\" > \"${SCRIPT_OUTPUT_FILE_0}\"\n";
			showEnvVarsInLog = 0;
		};
/* End PBXShellScriptBuildPhase section */

/* Begin PBXSourcesBuildPhase section */
		68FAABBF2A0D519F0064783C /* Sources */ = {
			isa = PBXSourcesBuildPhase;
			buildActionMask = 2147483647;
			files = (
				68FAABED2A17007A0064783C /* HomeCategoryCell.swift in Sources */,
				68FAABCB2A0D519F0064783C /* SetupPage.swift in Sources */,
				68FAABC72A0D519F0064783C /* AppDelegate.swift in Sources */,
				68FAAC012A2888680064783C /* HomeListDetail.swift in Sources */,
				68FAABE72A1189080064783C /* MorePage.swift in Sources */,
				68FAABE92A118C5D0064783C /* TabbarController.swift in Sources */,
				68FAABF52A22ED7A0064783C /* HomeListCell.swift in Sources */,
				68FAABC92A0D519F0064783C /* SceneDelegate.swift in Sources */,
				68FAABFF2A2452C80064783C /* FolderListCell.swift in Sources */,
				68FAABE52A1188FF0064783C /* GeneratorPage.swift in Sources */,
				68FAABE12A1184B40064783C /* HomePage.swift in Sources */,
				68FAABDF2A0DC0940064783C /* LoginPage.swift in Sources */,
				68FAABFB2A243AF30064783C /* CreateFolderPage.swift in Sources */,
				68FAABDD2A0DB8C70064783C /* ForgatPage.swift in Sources */,
				68FAABF12A171BAB0064783C /* AddPage.swift in Sources */,
				68FAABE32A1188EE0064783C /* FolderPage.swift in Sources */,
				68FAABF92A2325710064783C /* Models.swift in Sources */,
			);
			runOnlyForDeploymentPostprocessing = 0;
		};
/* End PBXSourcesBuildPhase section */

/* Begin PBXVariantGroup section */
		68FAABCC2A0D519F0064783C /* Main.storyboard */ = {
			isa = PBXVariantGroup;
			children = (
				68FAABCD2A0D519F0064783C /* Base */,
			);
			name = Main.storyboard;
			sourceTree = "<group>";
		};
		68FAABD12A0D51A10064783C /* LaunchScreen.storyboard */ = {
			isa = PBXVariantGroup;
			children = (
				68FAABD22A0D51A10064783C /* Base */,
			);
			name = LaunchScreen.storyboard;
			sourceTree = "<group>";
		};
/* End PBXVariantGroup section */

/* Begin XCBuildConfiguration section */
		68FAABD52A0D51A10064783C /* Debug */ = {
			isa = XCBuildConfiguration;
			buildSettings = {
				ALWAYS_SEARCH_USER_PATHS = NO;
				CLANG_ANALYZER_NONNULL = YES;
				CLANG_ANALYZER_NUMBER_OBJECT_CONVERSION = YES_AGGRESSIVE;
				CLANG_CXX_LANGUAGE_STANDARD = "gnu++20";
				CLANG_ENABLE_MODULES = YES;
				CLANG_ENABLE_OBJC_ARC = YES;
				CLANG_ENABLE_OBJC_WEAK = YES;
				CLANG_WARN_BLOCK_CAPTURE_AUTORELEASING = YES;
				CLANG_WARN_BOOL_CONVERSION = YES;
				CLANG_WARN_COMMA = YES;
				CLANG_WARN_CONSTANT_CONVERSION = YES;
				CLANG_WARN_DEPRECATED_OBJC_IMPLEMENTATIONS = YES;
				CLANG_WARN_DIRECT_OBJC_ISA_USAGE = YES_ERROR;
				CLANG_WARN_DOCUMENTATION_COMMENTS = YES;
				CLANG_WARN_EMPTY_BODY = YES;
				CLANG_WARN_ENUM_CONVERSION = YES;
				CLANG_WARN_INFINITE_RECURSION = YES;
				CLANG_WARN_INT_CONVERSION = YES;
				CLANG_WARN_NON_LITERAL_NULL_CONVERSION = YES;
				CLANG_WARN_OBJC_IMPLICIT_RETAIN_SELF = YES;
				CLANG_WARN_OBJC_LITERAL_CONVERSION = YES;
				CLANG_WARN_OBJC_ROOT_CLASS = YES_ERROR;
				CLANG_WARN_QUOTED_INCLUDE_IN_FRAMEWORK_HEADER = YES;
				CLANG_WARN_RANGE_LOOP_ANALYSIS = YES;
				CLANG_WARN_STRICT_PROTOTYPES = YES;
				CLANG_WARN_SUSPICIOUS_MOVE = YES;
				CLANG_WARN_UNGUARDED_AVAILABILITY = YES_AGGRESSIVE;
				CLANG_WARN_UNREACHABLE_CODE = YES;
				CLANG_WARN__DUPLICATE_METHOD_MATCH = YES;
				COPY_PHASE_STRIP = NO;
				DEBUG_INFORMATION_FORMAT = dwarf;
				ENABLE_STRICT_OBJC_MSGSEND = YES;
				ENABLE_TESTABILITY = YES;
				GCC_C_LANGUAGE_STANDARD = gnu11;
				GCC_DYNAMIC_NO_PIC = NO;
				GCC_NO_COMMON_BLOCKS = YES;
				GCC_OPTIMIZATION_LEVEL = 0;
				GCC_PREPROCESSOR_DEFINITIONS = (
					"DEBUG=1",
					"$(inherited)",
				);
				GCC_WARN_64_TO_32_BIT_CONVERSION = YES;
				GCC_WARN_ABOUT_RETURN_TYPE = YES_ERROR;
				GCC_WARN_UNDECLARED_SELECTOR = YES;
				GCC_WARN_UNINITIALIZED_AUTOS = YES_AGGRESSIVE;
				GCC_WARN_UNUSED_FUNCTION = YES;
				GCC_WARN_UNUSED_VARIABLE = YES;
				IPHONEOS_DEPLOYMENT_TARGET = 16.4;
				MTL_ENABLE_DEBUG_INFO = INCLUDE_SOURCE;
				MTL_FAST_MATH = YES;
				ONLY_ACTIVE_ARCH = YES;
				SDKROOT = iphoneos;
				SWIFT_ACTIVE_COMPILATION_CONDITIONS = DEBUG;
				SWIFT_OPTIMIZATION_LEVEL = "-Onone";
			};
			name = Debug;
		};
		68FAABD62A0D51A10064783C /* Release */ = {
			isa = XCBuildConfiguration;
			buildSettings = {
				ALWAYS_SEARCH_USER_PATHS = NO;
				CLANG_ANALYZER_NONNULL = YES;
				CLANG_ANALYZER_NUMBER_OBJECT_CONVERSION = YES_AGGRESSIVE;
				CLANG_CXX_LANGUAGE_STANDARD = "gnu++20";
				CLANG_ENABLE_MODULES = YES;
				CLANG_ENABLE_OBJC_ARC = YES;
				CLANG_ENABLE_OBJC_WEAK = YES;
				CLANG_WARN_BLOCK_CAPTURE_AUTORELEASING = YES;
				CLANG_WARN_BOOL_CONVERSION = YES;
				CLANG_WARN_COMMA = YES;
				CLANG_WARN_CONSTANT_CONVERSION = YES;
				CLANG_WARN_DEPRECATED_OBJC_IMPLEMENTATIONS = YES;
				CLANG_WARN_DIRECT_OBJC_ISA_USAGE = YES_ERROR;
				CLANG_WARN_DOCUMENTATION_COMMENTS = YES;
				CLANG_WARN_EMPTY_BODY = YES;
				CLANG_WARN_ENUM_CONVERSION = YES;
				CLANG_WARN_INFINITE_RECURSION = YES;
				CLANG_WARN_INT_CONVERSION = YES;
				CLANG_WARN_NON_LITERAL_NULL_CONVERSION = YES;
				CLANG_WARN_OBJC_IMPLICIT_RETAIN_SELF = YES;
				CLANG_WARN_OBJC_LITERAL_CONVERSION = YES;
				CLANG_WARN_OBJC_ROOT_CLASS = YES_ERROR;
				CLANG_WARN_QUOTED_INCLUDE_IN_FRAMEWORK_HEADER = YES;
				CLANG_WARN_RANGE_LOOP_ANALYSIS = YES;
				CLANG_WARN_STRICT_PROTOTYPES = YES;
				CLANG_WARN_SUSPICIOUS_MOVE = YES;
				CLANG_WARN_UNGUARDED_AVAILABILITY = YES_AGGRESSIVE;
				CLANG_WARN_UNREACHABLE_CODE = YES;
				CLANG_WARN__DUPLICATE_METHOD_MATCH = YES;
				COPY_PHASE_STRIP = NO;
				DEBUG_INFORMATION_FORMAT = "dwarf-with-dsym";
				ENABLE_NS_ASSERTIONS = NO;
				ENABLE_STRICT_OBJC_MSGSEND = YES;
				GCC_C_LANGUAGE_STANDARD = gnu11;
				GCC_NO_COMMON_BLOCKS = YES;
				GCC_WARN_64_TO_32_BIT_CONVERSION = YES;
				GCC_WARN_ABOUT_RETURN_TYPE = YES_ERROR;
				GCC_WARN_UNDECLARED_SELECTOR = YES;
				GCC_WARN_UNINITIALIZED_AUTOS = YES_AGGRESSIVE;
				GCC_WARN_UNUSED_FUNCTION = YES;
				GCC_WARN_UNUSED_VARIABLE = YES;
				IPHONEOS_DEPLOYMENT_TARGET = 16.4;
				MTL_ENABLE_DEBUG_INFO = NO;
				MTL_FAST_MATH = YES;
				SDKROOT = iphoneos;
				SWIFT_COMPILATION_MODE = wholemodule;
				SWIFT_OPTIMIZATION_LEVEL = "-O";
				VALIDATE_PRODUCT = YES;
			};
			name = Release;
		};
		68FAABD82A0D51A10064783C /* Debug */ = {
			isa = XCBuildConfiguration;
			baseConfigurationReference = C5BA131CC56AF4F7469DA8B7 /* Pods-FirstProject.debug.xcconfig */;
			buildSettings = {
				ASSETCATALOG_COMPILER_APPICON_NAME = AppIcon;
				ASSETCATALOG_COMPILER_GLOBAL_ACCENT_COLOR_NAME = AccentColor;
				CODE_SIGN_STYLE = Automatic;
				CURRENT_PROJECT_VERSION = 1;
				GENERATE_INFOPLIST_FILE = YES;
				INFOPLIST_FILE = FirstProject/Info.plist;
				INFOPLIST_KEY_UIApplicationSupportsIndirectInputEvents = YES;
				INFOPLIST_KEY_UILaunchStoryboardName = LaunchScreen;
				INFOPLIST_KEY_UIMainStoryboardFile = Main;
				INFOPLIST_KEY_UISupportedInterfaceOrientations_iPad = "UIInterfaceOrientationPortrait UIInterfaceOrientationPortraitUpsideDown UIInterfaceOrientationLandscapeLeft UIInterfaceOrientationLandscapeRight";
				INFOPLIST_KEY_UISupportedInterfaceOrientations_iPhone = "UIInterfaceOrientationPortrait UIInterfaceOrientationLandscapeLeft UIInterfaceOrientationLandscapeRight";
				LD_RUNPATH_SEARCH_PATHS = (
					"$(inherited)",
					"@executable_path/Frameworks",
				);
				MARKETING_VERSION = 1.0;
				PRODUCT_BUNDLE_IDENTIFIER = Nocompany.FirstProject;
				PRODUCT_NAME = "$(TARGET_NAME)";
				SWIFT_EMIT_LOC_STRINGS = YES;
				SWIFT_VERSION = 5.0;
				TARGETED_DEVICE_FAMILY = "1,2";
			};
			name = Debug;
		};
		68FAABD92A0D51A10064783C /* Release */ = {
			isa = XCBuildConfiguration;
			baseConfigurationReference = F3D3E8E483A48EA928F18FFF /* Pods-FirstProject.release.xcconfig */;
			buildSettings = {
				ASSETCATALOG_COMPILER_APPICON_NAME = AppIcon;
				ASSETCATALOG_COMPILER_GLOBAL_ACCENT_COLOR_NAME = AccentColor;
				CODE_SIGN_STYLE = Automatic;
				CURRENT_PROJECT_VERSION = 1;
				GENERATE_INFOPLIST_FILE = YES;
				INFOPLIST_FILE = FirstProject/Info.plist;
				INFOPLIST_KEY_UIApplicationSupportsIndirectInputEvents = YES;
				INFOPLIST_KEY_UILaunchStoryboardName = LaunchScreen;
				INFOPLIST_KEY_UIMainStoryboardFile = Main;
				INFOPLIST_KEY_UISupportedInterfaceOrientations_iPad = "UIInterfaceOrientationPortrait UIInterfaceOrientationPortraitUpsideDown UIInterfaceOrientationLandscapeLeft UIInterfaceOrientationLandscapeRight";
				INFOPLIST_KEY_UISupportedInterfaceOrientations_iPhone = "UIInterfaceOrientationPortrait UIInterfaceOrientationLandscapeLeft UIInterfaceOrientationLandscapeRight";
				LD_RUNPATH_SEARCH_PATHS = (
					"$(inherited)",
					"@executable_path/Frameworks",
				);
				MARKETING_VERSION = 1.0;
				PRODUCT_BUNDLE_IDENTIFIER = Nocompany.FirstProject;
				PRODUCT_NAME = "$(TARGET_NAME)";
				SWIFT_EMIT_LOC_STRINGS = YES;
				SWIFT_VERSION = 5.0;
				TARGETED_DEVICE_FAMILY = "1,2";
			};
			name = Release;
		};
/* End XCBuildConfiguration section */

/* Begin XCConfigurationList section */
		68FAABBE2A0D519F0064783C /* Build configuration list for PBXProject "FirstProject" */ = {
			isa = XCConfigurationList;
			buildConfigurations = (
				68FAABD52A0D51A10064783C /* Debug */,
				68FAABD62A0D51A10064783C /* Release */,
			);
			defaultConfigurationIsVisible = 0;
			defaultConfigurationName = Release;
		};
		68FAABD72A0D51A10064783C /* Build configuration list for PBXNativeTarget "FirstProject" */ = {
			isa = XCConfigurationList;
			buildConfigurations = (
				68FAABD82A0D51A10064783C /* Debug */,
				68FAABD92A0D51A10064783C /* Release */,
			);
			defaultConfigurationIsVisible = 0;
			defaultConfigurationName = Release;
		};
/* End XCConfigurationList section */
	};
	rootObject = 68FAABBB2A0D519F0064783C /* Project object */;
}
